
Microsoft Visual Studio Solution File, Format Version 12.00
# Visual Studio Version 17
VisualStudioVersion = 17.14.36518.9
MinimumVisualStudioVersion = 10.0.40219.1
Project("{FAE04EC0-301F-11D3-BF4B-00C04F79EFBC}") = "SchoolJournalApi", "SchoolJournalApi\SchoolJournalApi.csproj", "{59334011-0725-5ADA-A6C5-821A0CFAF91A}"
EndProject
Project("{FAE04EC0-301F-11D3-BF4B-00C04F79EFBC}") = "SchoolJournalAuthApi", "SchoolJournalAuthApi\SchoolJournalAuthApi.csproj", "{BEF74232-C1A9-F55F-2776-72E65B7821E8}"
EndProject
Global
	GlobalSection(SolutionConfigurationPlatforms) = preSolution
		Debug|Any CPU = Debug|Any CPU
		Release|Any CPU = Release|Any CPU
	EndGlobalSection
	GlobalSection(ProjectConfigurationPlatforms) = postSolution
		{59334011-0725-5ADA-A6C5-821A0CFAF91A}.Debug|Any CPU.ActiveCfg = Debug|Any CPU
		{59334011-0725-5ADA-A6C5-821A0CFAF91A}.Debug|Any CPU.Build.0 = Debug|Any CPU
		{59334011-0725-5ADA-A6C5-821A0CFAF91A}.Release|Any CPU.ActiveCfg = Release|Any CPU
		{59334011-0725-5ADA-A6C5-821A0CFAF91A}.Release|Any CPU.Build.0 = Release|Any CPU
		{BEF74232-C1A9-F55F-2776-72E65B7821E8}.Debug|Any CPU.ActiveCfg = Debug|Any CPU
		{BEF74232-C1A9-F55F-2776-72E65B7821E8}.Debug|Any CPU.Build.0 = Debug|Any CPU
		{BEF74232-C1A9-F55F-2776-72E65B7821E8}.Release|Any CPU.ActiveCfg = Release|Any CPU
		{BEF74232-C1A9-F55F-2776-72E65B7821E8}.Release|Any CPU.Build.0 = Release|Any CPU
	EndGlobalSection
	GlobalSection(SolutionProperties) = preSolution
		HideSolutionNode = FALSE
	EndGlobalSection
	GlobalSection(ExtensibilityGlobals) = postSolution
		SolutionGuid = {49BFF3F1-7C34-4F36-BB56-7CB060F0DEF5}
	EndGlobalSection
EndGlobal
